
Microsoft Visual Studio Solution File, Format Version 12.00
# Visual Studio Version 17
VisualStudioVersion = 17.4.33110.190
MinimumVisualStudioVersion = 10.0.40219.1
Project("{2150E333-8FDC-42A3-9474-1A3956D46DE8}") = "src", "src", "{1E53EAAF-7755-45EE-A8C0-6D29000C45AF}"
EndProject
Project("{2150E333-8FDC-42A3-9474-1A3956D46DE8}") = "SolutionItems", "SolutionItems", "{23D0B2F2-5596-4A03-8D5F-98FD718CF679}"
	ProjectSection(SolutionItems) = preProject
		ServiceUrls.txt = ServiceUrls.txt
	EndProjectSection
EndProject
Project("{2150E333-8FDC-42A3-9474-1A3956D46DE8}") = "ApiGateways", "ApiGateways", "{88A9AE84-6411-4699-8774-EABD3ACC5B10}"
EndProject
Project("{2150E333-8FDC-42A3-9474-1A3956D46DE8}") = "WebApiGateway", "WebApiGateway", "{5C5FCE18-489C-4299-8DC2-CE160FEAFA9E}"
EndProject
Project("{2150E333-8FDC-42A3-9474-1A3956D46DE8}") = "Clients", "Clients", "{6DDC9C0A-21F0-4D40-8FAC-09DEAD5A849C}"
EndProject
Project("{2150E333-8FDC-42A3-9474-1A3956D46DE8}") = "Services", "Services", "{01F2870B-28B9-4BC1-B9F9-41F39190479C}"
EndProject
Project("{2150E333-8FDC-42A3-9474-1A3956D46DE8}") = "BuildingBlocks", "BuildingBlocks", "{79DE2DEF-F5CA-45EC-8F43-3D12505ECC26}"
EndProject
Project("{2150E333-8FDC-42A3-9474-1A3956D46DE8}") = "EventBus", "EventBus", "{C90DF5ED-6DF6-44D0-ACE5-62DDC95D56BB}"
EndProject
Project("{9A19103F-16F7-4668-BE54-9A1E7A4F7556}") = "Web.ApiGateway", "src\ApiGateways\WebApiGateway\Web.ApiGateway\Web.ApiGateway.csproj", "{0F996B89-C1CE-42AE-A639-CFA8F805E3A2}"
EndProject
Project("{9A19103F-16F7-4668-BE54-9A1E7A4F7556}") = "EventBus.Base", "src\BuildingBlocks\EventBus\EventBus.Base\EventBus.Base.csproj", "{2368DC58-F60C-452E-B3BB-F113E1AD7B3A}"
EndProject
Project("{9A19103F-16F7-4668-BE54-9A1E7A4F7556}") = "EventBus.Factory", "src\BuildingBlocks\EventBus\EventBus.Factory\EventBus.Factory.csproj", "{033EDD8F-3104-405F-8B63-B60856021D4D}"
EndProject
Project("{9A19103F-16F7-4668-BE54-9A1E7A4F7556}") = "EventBus.AzureServiceBus", "src\BuildingBlocks\EventBus\EventBus.AzureServiceBus\EventBus.AzureServiceBus.csproj", "{EEBBDA8F-25A9-4D4E-86EE-DA5CA68109FE}"
EndProject
Project("{9A19103F-16F7-4668-BE54-9A1E7A4F7556}") = "EventBus.RabbitMQ", "src\BuildingBlocks\EventBus\EventBus.RabbitMQ\EventBus.RabbitMQ.csproj", "{4C84FDA3-25B1-43BE-86E3-488334B0833A}"
EndProject
Project("{2150E333-8FDC-42A3-9474-1A3956D46DE8}") = "BlazorWebApp", "BlazorWebApp", "{8E299187-E477-4394-A046-51F4C45B040C}"
EndProject
Project("{9A19103F-16F7-4668-BE54-9A1E7A4F7556}") = "WebApp", "src\Clients\BlazorWebApp\WebApp\WebApp.csproj", "{77A6C538-E528-4AE2-AF55-05D14A9E0BB6}"
EndProject
Project("{2150E333-8FDC-42A3-9474-1A3956D46DE8}") = "BasketService", "BasketService", "{5126C074-28FC-4064-9781-80B977770FDF}"
EndProject
Project("{9A19103F-16F7-4668-BE54-9A1E7A4F7556}") = "BasketService.Api", "src\Services\BasketService\BasketService.Api\BasketService.Api.csproj", "{DD348D3F-C264-4FA8-8C91-2FF28FF9FF7E}"
EndProject
Project("{2150E333-8FDC-42A3-9474-1A3956D46DE8}") = "CatalogService", "CatalogService", "{7BDA4E83-2483-4DC6-8794-FC2C74ADC8FD}"
EndProject
Project("{9A19103F-16F7-4668-BE54-9A1E7A4F7556}") = "CatalogService.Api", "src\Services\CatalogService\CatalogService.Api\CatalogService.Api.csproj", "{A1726F71-919D-488D-8FA3-31EAE33574D0}"
EndProject
Project("{2150E333-8FDC-42A3-9474-1A3956D46DE8}") = "IdentityService", "IdentityService", "{4A392065-961A-4737-A143-8BCD038FD946}"
EndProject
Project("{9A19103F-16F7-4668-BE54-9A1E7A4F7556}") = "IdentityService.Api", "src\Services\IdentityService\IdentityService.Api\IdentityService.Api.csproj", "{773B9804-1A15-4B40-83FF-7A88C7A94E04}"
EndProject
Project("{2150E333-8FDC-42A3-9474-1A3956D46DE8}") = "NotificationService", "NotificationService", "{0CDB9590-D894-4D69-A5FF-1471242CBCDD}"
EndProject
Project("{2150E333-8FDC-42A3-9474-1A3956D46DE8}") = "OrderService", "OrderService", "{33AFE6BE-2FFE-4AC0-AF01-9BF20D55D5FB}"
EndProject
Project("{9A19103F-16F7-4668-BE54-9A1E7A4F7556}") = "OrderService.Domain", "src\Services\OrderService\OrderService.Domain\OrderService.Domain.csproj", "{BA8B7589-B1FB-42D2-93ED-BEEB0075AD7E}"
EndProject
Project("{9A19103F-16F7-4668-BE54-9A1E7A4F7556}") = "OrderService.Application", "src\Services\OrderService\OrderService.Application\OrderService.Application.csproj", "{918622B3-AFE9-4D22-B01D-B95D89D6A60D}"
EndProject
Project("{9A19103F-16F7-4668-BE54-9A1E7A4F7556}") = "OrderService.Infrastructure", "src\Services\OrderService\OrderService.Infrastructure\OrderService.Infrastructure.csproj", "{1998D6C7-5974-4FF2-B780-E5E6F695AE05}"
EndProject
Project("{9A19103F-16F7-4668-BE54-9A1E7A4F7556}") = "OrderService.Api", "src\Services\OrderService\OrderService.Api\OrderService.Api.csproj", "{E3272293-D2D4-43C2-AD12-D35EC57BC5E8}"
EndProject
Project("{2150E333-8FDC-42A3-9474-1A3956D46DE8}") = "PaymentService", "PaymentService", "{160407CD-7787-44B7-AB48-B974DDCAF427}"
EndProject
Project("{9A19103F-16F7-4668-BE54-9A1E7A4F7556}") = "PaymentService.Api", "src\Services\PaymetService\PaymentService.Api\PaymentService.Api.csproj", "{14DC21DC-5F6E-442F-9BE7-50D6BEA23CB6}"
EndProject
Project("{2150E333-8FDC-42A3-9474-1A3956D46DE8}") = "tests", "tests", "{20420365-7A62-4CF4-B3DD-1F6C6B1C0EB5}"
EndProject
Project("{2150E333-8FDC-42A3-9474-1A3956D46DE8}") = "BuildingBlocks", "BuildingBlocks", "{6F44D823-C076-4DFA-AA2C-32BBC0B17D7D}"
EndProject
Project("{9A19103F-16F7-4668-BE54-9A1E7A4F7556}") = "EventBus.UnitTest", "tests\BuildingBlocks\EventBus.UnitTest\EventBus.UnitTest\EventBus.UnitTest.csproj", "{A1AE173A-9720-4F0A-BE83-F9C80E0056E8}"
EndProject
Project("{9A19103F-16F7-4668-BE54-9A1E7A4F7556}") = "NotificationService", "src\Services\NotificationService\NotificationService\NotificationService.csproj", "{125422E9-32CC-4917-B4E5-086DA0B6CC91}"
EndProject
Global
	GlobalSection(SolutionConfigurationPlatforms) = preSolution
		Debug|Any CPU = Debug|Any CPU
		Release|Any CPU = Release|Any CPU
	EndGlobalSection
	GlobalSection(ProjectConfigurationPlatforms) = postSolution
		{0F996B89-C1CE-42AE-A639-CFA8F805E3A2}.Debug|Any CPU.ActiveCfg = Debug|Any CPU
		{0F996B89-C1CE-42AE-A639-CFA8F805E3A2}.Debug|Any CPU.Build.0 = Debug|Any CPU
		{0F996B89-C1CE-42AE-A639-CFA8F805E3A2}.Release|Any CPU.ActiveCfg = Release|Any CPU
		{0F996B89-C1CE-42AE-A639-CFA8F805E3A2}.Release|Any CPU.Build.0 = Release|Any CPU
		{2368DC58-F60C-452E-B3BB-F113E1AD7B3A}.Debug|Any CPU.ActiveCfg = Debug|Any CPU
		{2368DC58-F60C-452E-B3BB-F113E1AD7B3A}.Debug|Any CPU.Build.0 = Debug|Any CPU
		{2368DC58-F60C-452E-B3BB-F113E1AD7B3A}.Release|Any CPU.ActiveCfg = Release|Any CPU
		{2368DC58-F60C-452E-B3BB-F113E1AD7B3A}.Release|Any CPU.Build.0 = Release|Any CPU
		{033EDD8F-3104-405F-8B63-B60856021D4D}.Debug|Any CPU.ActiveCfg = Debug|Any CPU
		{033EDD8F-3104-405F-8B63-B60856021D4D}.Debug|Any CPU.Build.0 = Debug|Any CPU
		{033EDD8F-3104-405F-8B63-B60856021D4D}.Release|Any CPU.ActiveCfg = Release|Any CPU
		{033EDD8F-3104-405F-8B63-B60856021D4D}.Release|Any CPU.Build.0 = Release|Any CPU
		{EEBBDA8F-25A9-4D4E-86EE-DA5CA68109FE}.Debug|Any CPU.ActiveCfg = Debug|Any CPU
		{EEBBDA8F-25A9-4D4E-86EE-DA5CA68109FE}.Debug|Any CPU.Build.0 = Debug|Any CPU
		{EEBBDA8F-25A9-4D4E-86EE-DA5CA68109FE}.Release|Any CPU.ActiveCfg = Release|Any CPU
		{EEBBDA8F-25A9-4D4E-86EE-DA5CA68109FE}.Release|Any CPU.Build.0 = Release|Any CPU
		{4C84FDA3-25B1-43BE-86E3-488334B0833A}.Debug|Any CPU.ActiveCfg = Debug|Any CPU
		{4C84FDA3-25B1-43BE-86E3-488334B0833A}.Debug|Any CPU.Build.0 = Debug|Any CPU
		{4C84FDA3-25B1-43BE-86E3-488334B0833A}.Release|Any CPU.ActiveCfg = Release|Any CPU
		{4C84FDA3-25B1-43BE-86E3-488334B0833A}.Release|Any CPU.Build.0 = Release|Any CPU
		{77A6C538-E528-4AE2-AF55-05D14A9E0BB6}.Debug|Any CPU.ActiveCfg = Debug|Any CPU
		{77A6C538-E528-4AE2-AF55-05D14A9E0BB6}.Debug|Any CPU.Build.0 = Debug|Any CPU
		{77A6C538-E528-4AE2-AF55-05D14A9E0BB6}.Release|Any CPU.ActiveCfg = Release|Any CPU
		{77A6C538-E528-4AE2-AF55-05D14A9E0BB6}.Release|Any CPU.Build.0 = Release|Any CPU
		{DD348D3F-C264-4FA8-8C91-2FF28FF9FF7E}.Debug|Any CPU.ActiveCfg = Debug|Any CPU
		{DD348D3F-C264-4FA8-8C91-2FF28FF9FF7E}.Debug|Any CPU.Build.0 = Debug|Any CPU
		{DD348D3F-C264-4FA8-8C91-2FF28FF9FF7E}.Release|Any CPU.ActiveCfg = Release|Any CPU
		{DD348D3F-C264-4FA8-8C91-2FF28FF9FF7E}.Release|Any CPU.Build.0 = Release|Any CPU
		{A1726F71-919D-488D-8FA3-31EAE33574D0}.Debug|Any CPU.ActiveCfg = Debug|Any CPU
		{A1726F71-919D-488D-8FA3-31EAE33574D0}.Debug|Any CPU.Build.0 = Debug|Any CPU
		{A1726F71-919D-488D-8FA3-31EAE33574D0}.Release|Any CPU.ActiveCfg = Release|Any CPU
		{A1726F71-919D-488D-8FA3-31EAE33574D0}.Release|Any CPU.Build.0 = Release|Any CPU
		{773B9804-1A15-4B40-83FF-7A88C7A94E04}.Debug|Any CPU.ActiveCfg = Debug|Any CPU
		{773B9804-1A15-4B40-83FF-7A88C7A94E04}.Debug|Any CPU.Build.0 = Debug|Any CPU
		{773B9804-1A15-4B40-83FF-7A88C7A94E04}.Release|Any CPU.ActiveCfg = Release|Any CPU
		{773B9804-1A15-4B40-83FF-7A88C7A94E04}.Release|Any CPU.Build.0 = Release|Any CPU
		{BA8B7589-B1FB-42D2-93ED-BEEB0075AD7E}.Debug|Any CPU.ActiveCfg = Debug|Any CPU
		{BA8B7589-B1FB-42D2-93ED-BEEB0075AD7E}.Debug|Any CPU.Build.0 = Debug|Any CPU
		{BA8B7589-B1FB-42D2-93ED-BEEB0075AD7E}.Release|Any CPU.ActiveCfg = Release|Any CPU
		{BA8B7589-B1FB-42D2-93ED-BEEB0075AD7E}.Release|Any CPU.Build.0 = Release|Any CPU
		{918622B3-AFE9-4D22-B01D-B95D89D6A60D}.Debug|Any CPU.ActiveCfg = Debug|Any CPU
		{918622B3-AFE9-4D22-B01D-B95D89D6A60D}.Debug|Any CPU.Build.0 = Debug|Any CPU
		{918622B3-AFE9-4D22-B01D-B95D89D6A60D}.Release|Any CPU.ActiveCfg = Release|Any CPU
		{918622B3-AFE9-4D22-B01D-B95D89D6A60D}.Release|Any CPU.Build.0 = Release|Any CPU
		{1998D6C7-5974-4FF2-B780-E5E6F695AE05}.Debug|Any CPU.ActiveCfg = Debug|Any CPU
		{1998D6C7-5974-4FF2-B780-E5E6F695AE05}.Debug|Any CPU.Build.0 = Debug|Any CPU
		{1998D6C7-5974-4FF2-B780-E5E6F695AE05}.Release|Any CPU.ActiveCfg = Release|Any CPU
		{1998D6C7-5974-4FF2-B780-E5E6F695AE05}.Release|Any CPU.Build.0 = Release|Any CPU
		{E3272293-D2D4-43C2-AD12-D35EC57BC5E8}.Debug|Any CPU.ActiveCfg = Debug|Any CPU
		{E3272293-D2D4-43C2-AD12-D35EC57BC5E8}.Debug|Any CPU.Build.0 = Debug|Any CPU
		{E3272293-D2D4-43C2-AD12-D35EC57BC5E8}.Release|Any CPU.ActiveCfg = Release|Any CPU
		{E3272293-D2D4-43C2-AD12-D35EC57BC5E8}.Release|Any CPU.Build.0 = Release|Any CPU
		{14DC21DC-5F6E-442F-9BE7-50D6BEA23CB6}.Debug|Any CPU.ActiveCfg = Debug|Any CPU
		{14DC21DC-5F6E-442F-9BE7-50D6BEA23CB6}.Debug|Any CPU.Build.0 = Debug|Any CPU
		{14DC21DC-5F6E-442F-9BE7-50D6BEA23CB6}.Release|Any CPU.ActiveCfg = Release|Any CPU
		{14DC21DC-5F6E-442F-9BE7-50D6BEA23CB6}.Release|Any CPU.Build.0 = Release|Any CPU
		{A1AE173A-9720-4F0A-BE83-F9C80E0056E8}.Debug|Any CPU.ActiveCfg = Debug|Any CPU
		{A1AE173A-9720-4F0A-BE83-F9C80E0056E8}.Debug|Any CPU.Build.0 = Debug|Any CPU
		{A1AE173A-9720-4F0A-BE83-F9C80E0056E8}.Release|Any CPU.ActiveCfg = Release|Any CPU
		{A1AE173A-9720-4F0A-BE83-F9C80E0056E8}.Release|Any CPU.Build.0 = Release|Any CPU
		{125422E9-32CC-4917-B4E5-086DA0B6CC91}.Debug|Any CPU.ActiveCfg = Debug|Any CPU
		{125422E9-32CC-4917-B4E5-086DA0B6CC91}.Debug|Any CPU.Build.0 = Debug|Any CPU
		{125422E9-32CC-4917-B4E5-086DA0B6CC91}.Release|Any CPU.ActiveCfg = Release|Any CPU
		{125422E9-32CC-4917-B4E5-086DA0B6CC91}.Release|Any CPU.Build.0 = Release|Any CPU
	EndGlobalSection
	GlobalSection(SolutionProperties) = preSolution
		HideSolutionNode = FALSE
	EndGlobalSection
	GlobalSection(NestedProjects) = preSolution
		{88A9AE84-6411-4699-8774-EABD3ACC5B10} = {1E53EAAF-7755-45EE-A8C0-6D29000C45AF}
		{5C5FCE18-489C-4299-8DC2-CE160FEAFA9E} = {88A9AE84-6411-4699-8774-EABD3ACC5B10}
		{6DDC9C0A-21F0-4D40-8FAC-09DEAD5A849C} = {1E53EAAF-7755-45EE-A8C0-6D29000C45AF}
		{01F2870B-28B9-4BC1-B9F9-41F39190479C} = {1E53EAAF-7755-45EE-A8C0-6D29000C45AF}
		{79DE2DEF-F5CA-45EC-8F43-3D12505ECC26} = {1E53EAAF-7755-45EE-A8C0-6D29000C45AF}
		{C90DF5ED-6DF6-44D0-ACE5-62DDC95D56BB} = {79DE2DEF-F5CA-45EC-8F43-3D12505ECC26}
		{0F996B89-C1CE-42AE-A639-CFA8F805E3A2} = {5C5FCE18-489C-4299-8DC2-CE160FEAFA9E}
		{2368DC58-F60C-452E-B3BB-F113E1AD7B3A} = {C90DF5ED-6DF6-44D0-ACE5-62DDC95D56BB}
		{033EDD8F-3104-405F-8B63-B60856021D4D} = {C90DF5ED-6DF6-44D0-ACE5-62DDC95D56BB}
		{EEBBDA8F-25A9-4D4E-86EE-DA5CA68109FE} = {C90DF5ED-6DF6-44D0-ACE5-62DDC95D56BB}
		{4C84FDA3-25B1-43BE-86E3-488334B0833A} = {C90DF5ED-6DF6-44D0-ACE5-62DDC95D56BB}
		{8E299187-E477-4394-A046-51F4C45B040C} = {6DDC9C0A-21F0-4D40-8FAC-09DEAD5A849C}
		{77A6C538-E528-4AE2-AF55-05D14A9E0BB6} = {8E299187-E477-4394-A046-51F4C45B040C}
		{5126C074-28FC-4064-9781-80B977770FDF} = {01F2870B-28B9-4BC1-B9F9-41F39190479C}
		{DD348D3F-C264-4FA8-8C91-2FF28FF9FF7E} = {5126C074-28FC-4064-9781-80B977770FDF}
		{7BDA4E83-2483-4DC6-8794-FC2C74ADC8FD} = {01F2870B-28B9-4BC1-B9F9-41F39190479C}
		{A1726F71-919D-488D-8FA3-31EAE33574D0} = {7BDA4E83-2483-4DC6-8794-FC2C74ADC8FD}
		{4A392065-961A-4737-A143-8BCD038FD946} = {01F2870B-28B9-4BC1-B9F9-41F39190479C}
		{773B9804-1A15-4B40-83FF-7A88C7A94E04} = {4A392065-961A-4737-A143-8BCD038FD946}
		{0CDB9590-D894-4D69-A5FF-1471242CBCDD} = {01F2870B-28B9-4BC1-B9F9-41F39190479C}
		{33AFE6BE-2FFE-4AC0-AF01-9BF20D55D5FB} = {01F2870B-28B9-4BC1-B9F9-41F39190479C}
		{BA8B7589-B1FB-42D2-93ED-BEEB0075AD7E} = {33AFE6BE-2FFE-4AC0-AF01-9BF20D55D5FB}
		{918622B3-AFE9-4D22-B01D-B95D89D6A60D} = {33AFE6BE-2FFE-4AC0-AF01-9BF20D55D5FB}
		{1998D6C7-5974-4FF2-B780-E5E6F695AE05} = {33AFE6BE-2FFE-4AC0-AF01-9BF20D55D5FB}
		{E3272293-D2D4-43C2-AD12-D35EC57BC5E8} = {33AFE6BE-2FFE-4AC0-AF01-9BF20D55D5FB}
		{160407CD-7787-44B7-AB48-B974DDCAF427} = {01F2870B-28B9-4BC1-B9F9-41F39190479C}
		{14DC21DC-5F6E-442F-9BE7-50D6BEA23CB6} = {160407CD-7787-44B7-AB48-B974DDCAF427}
		{6F44D823-C076-4DFA-AA2C-32BBC0B17D7D} = {20420365-7A62-4CF4-B3DD-1F6C6B1C0EB5}
		{A1AE173A-9720-4F0A-BE83-F9C80E0056E8} = {6F44D823-C076-4DFA-AA2C-32BBC0B17D7D}
		{125422E9-32CC-4917-B4E5-086DA0B6CC91} = {0CDB9590-D894-4D69-A5FF-1471242CBCDD}
	EndGlobalSection
	GlobalSection(ExtensibilityGlobals) = postSolution
		SolutionGuid = {03BD5ED3-053E-4F68-A679-5E220290627A}
	EndGlobalSection
EndGlobal
